<?xml version="1.0" encoding="utf-8"?>
<Project ToolsVersion="4.0" xmlns="http://schemas.microsoft.com/developer/msbuild/2003">
  <ItemGroup>
    <Filter Include="Source Files">
      <UniqueIdentifier>{4FC737F1-C7A5-4376-A066-2A32D752A2FF}</UniqueIdentifier>
      <Extensions>cpp;c;cc;cxx;def;odl;idl;hpj;bat;asm;asmx</Extensions>
    </Filter>
    <Filter Include="Resource Files">
      <UniqueIdentifier>{67DA6AB6-F800-4c08-8B7A-83BB121AAD01}</UniqueIdentifier>
      <Extensions>rc;ico;cur;bmp;dlg;rc2;rct;bin;rgs;gif;jpg;jpeg;jpe;resx;tiff;tif;png;wav;mfcribbon-ms</Extensions>
    </Filter>
    <Filter Include="Source Files\ken_app_login">
      <UniqueIdentifier>{90ecfec7-6283-40c3-ba4c-aecf429b35b7}</UniqueIdentifier>
    </Filter>
    <Filter Include="state">
      <UniqueIdentifier>{93995380-89BD-4b04-88EB-625FBE52EBFB}</UniqueIdentifier>
      <Extensions>h;hh;hpp;hxx;hm;inl;inc;ipp;xsd</Extensions>
    </Filter>
    <Filter Include="Source Files\ken_app_db">
      <UniqueIdentifier>{eb68bb1f-0fb7-4700-b317-83a0a529c3f0}</UniqueIdentifier>
    </Filter>
    <Filter Include="Source Files\ken_app_main">
      <UniqueIdentifier>{08abd4ab-1d2f-4fcb-bd6b-1c813c22ccbb}</UniqueIdentifier>
    </Filter>
    <Filter Include="Source Files\ken_app_new_user">
      <UniqueIdentifier>{b0e127a5-3b0c-4193-8aee-823793721ba8}</UniqueIdentifier>
    </Filter>
    <Filter Include="Source Files\ken_app_db\sqlite_db">
      <UniqueIdentifier>{696abed7-a870-4542-9132-714e5cf0814a}</UniqueIdentifier>
    </Filter>
    <Filter Include="Source Files\stock">
      <UniqueIdentifier>{16b17bea-0782-4430-949f-73a83e3435c7}</UniqueIdentifier>
    </Filter>
  </ItemGroup>
  <ItemGroup>
    <ClCompile Include="ken_app_login.cpp">
      <Filter>Source Files\ken_app_login</Filter>
    </ClCompile>
    <ClCompile Include="ken_app_db.cpp">
      <Filter>Source Files\ken_app_db</Filter>
    </ClCompile>
    <ClCompile Include="main.cpp">
      <Filter>Source Files</Filter>
    </ClCompile>
    <ClCompile Include="ken_app_main.cpp">
      <Filter>Source Files\ken_app_main</Filter>
    </ClCompile>
    <ClCompile Include="ken_app_new_user.cpp">
      <Filter>Source Files\ken_app_new_user</Filter>
    </ClCompile>
    <ClCompile Include="sqlite3.c">
      <Filter>Source Files\ken_app_db\sqlite_db</Filter>
    </ClCompile>
    <ClCompile Include="stock.cpp">
      <Filter>Source Files\stock</Filter>
    </ClCompile>
  </ItemGroup>
  <ItemGroup>
    <ClInclude Include="ken_app_login.h">
      <Filter>Source Files\ken_app_login</Filter>
    </ClInclude>
    <ClInclude Include="state.h">
      <Filter>state</Filter>
    </ClInclude>
    <ClInclude Include="resource.h">
      <Filter>Resource Files</Filter>
    </ClInclude>
    <ClInclude Include="ken_app_db.h">
      <Filter>Source Files\ken_app_db</Filter>
    </ClInclude>
    <ClInclude Include="ken_app_main.h">
      <Filter>Source Files\ken_app_main</Filter>
    </ClInclude>
    <ClInclude Include="ken_app_new_user.h">
      <Filter>Source Files\ken_app_new_user</Filter>
    </ClInclude>
    <ClInclude Include="sqlite3.h">
      <Filter>Source Files\ken_app_db\sqlite_db</Filter>
    </ClInclude>
    <ClInclude Include="stock.h">
      <Filter>Source Files\stock</Filter>
    </ClInclude>
  </ItemGroup>
  <ItemGroup>
    <ResourceCompile Include="Resource.rc">
      <Filter>Resource Files</Filter>
    </ResourceCompile>
  </ItemGroup>
</Project>